{
	"name": "generate-fractal-signal",
	"version": "0.1.0",
	"lockfileVersion": 1,
	"requires": true,
	"dependencies": {
		"dfa-variability": {
			"version": "0.9.4",
			"resolved": "https://registry.npmjs.org/dfa-variability/-/dfa-variability-0.9.4.tgz",
			"integrity": "sha512-jeNgogOvuWJWtinLd/po8DW7ydApoO2htquvx40RGkb0F9Ft/Layek6FArmorigupIbEhwj9LXyUvBRAkygezA=="
		}
	}
}
